<?xml version="1.0" encoding="UTF-8" standalone="yes" ?>
<CodeBlocks_project_file>
	<FileVersion major="1" minor="6" />
	<Project>
		<Option title="padMaster" />
		<Option pch_mode="2" />
		<Option compiler="gcc" />
		<Build>
			<Target title="Debug">
				<Option output="bin/Debug/padMaster" prefix_auto="1" extension_auto="1" />
				<Option object_output="obj/Debug/" />
				<Option type="0" />
				<Option compiler="gcc" />
				<Compiler>
					<Add option="-g" />
				</Compiler>
				<Linker>
					<Add library="sfml-graphics-d" />
					<Add library="sfml-window-d" />
					<Add library="sfml-system-d" />
				</Linker>
			</Target>
			<Target title="Release">
				<Option output="bin/Release/padMaster" prefix_auto="1" extension_auto="1" />
				<Option object_output="obj/Release/" />
				<Option type="1" />
				<Option compiler="gcc" />
				<Compiler>
					<Add option="-O2" />
				</Compiler>
				<Linker>
					<Add option="-s" />
					<Add library="sfml-graphics" />
					<Add library="sfml-window" />
					<Add library="sfml-system" />
				</Linker>
			</Target>
		</Build>
		<Compiler>
			<Add option="-Wall" />
			<Add directory="C:/SFML-2.1/include" />
			<Add directory="T:/Documents/CodeBlocksProject/PadMaster/DLL/GamePad" />
		</Compiler>
		<Linker>
			<Add library="T:\Documents\CodeBlocksProject\PadMaster\DLL\GamePad\bin\Debug\libGamePad.a" />
			<Add directory="C:/SFML-2.1/lib" />
			<Add directory="T:/Documents/CodeBlocksProject/PadMaster/DLL/GamePad/bin/Debug" />
		</Linker>
		<Unit filename="Ennemis.cpp" />
		<Unit filename="Ennemis.h" />
		<Unit filename="Gametype.cpp" />
		<Unit filename="Gametype.h" />
		<Unit filename="Joueur.cpp" />
		<Unit filename="Joueur.h" />
		<Unit filename="Weapon.cpp" />
		<Unit filename="Weapon.h" />
		<Unit filename="gestionFenetre.cpp" />
		<Unit filename="gestionFenetre.h" />
		<Unit filename="localGame.cpp" />
		<Unit filename="localGame.h" />
		<Unit filename="main.cpp" />
		<Unit filename="projectile.cpp" />
		<Unit filename="projectile.h" />
		<Extensions>
			<code_completion />
			<envvars />
			<debugger />
			<lib_finder disable_auto="1" />
		</Extensions>
	</Project>
</CodeBlocks_project_file>
